---
path: ".gem_rbs_collection"
gems:
- name: abbrev
  version: '0'
  source:
    type: stdlib
- name: activesupport
  version: '7.0'
  source:
    type: git
    name: ruby/gem_rbs_collection
    revision: ec140aff951e3af39846eed4525ba5d040d294fa
    remote: https://github.com/ruby/gem_rbs_collection.git
    repo_dir: gems
- name: base64
  version: '0'
  source:
    type: stdlib
- name: bigdecimal
  version: '0'
  source:
    type: stdlib
- name: concurrent-ruby
  version: '1.1'
  source:
    type: git
    name: ruby/gem_rbs_collection
    revision: ec140aff951e3af39846eed4525ba5d040d294fa
    remote: https://github.com/ruby/gem_rbs_collection.git
    repo_dir: gems
- name: connection_pool
  version: '2.4'
  source:
    type: git
    name: ruby/gem_rbs_collection
    revision: ec140aff951e3af39846eed4525ba5d040d294fa
    remote: https://github.com/ruby/gem_rbs_collection.git
    repo_dir: gems
- name: date
  version: '0'
  source:
    type: stdlib
- name: erb
  version: '0'
  source:
    type: stdlib
- name: fileutils
  version: '0'
  source:
    type: stdlib
- name: i18n
  version: '1.10'
  source:
    type: git
    name: ruby/gem_rbs_collection
    revision: ec140aff951e3af39846eed4525ba5d040d294fa
    remote: https://github.com/ruby/gem_rbs_collection.git
    repo_dir: gems
- name: json
  version: '0'
  source:
    type: stdlib
- name: logger
  version: '0'
  source:
    type: stdlib
- name: minitest
  version: '0'
  source:
    type: stdlib
- name: monitor
  version: '0'
  source:
    type: stdlib
- name: mutex_m
  version: '0'
  source:
    type: stdlib
- name: optparse
  version: '0'
  source:
    type: stdlib
- name: pathname
  version: '0'
  source:
    type: stdlib
- name: protobuf
  version: 3.10.3
  source:
    type: git
    name: ruby/gem_rbs_collection
    revision: ec140aff951e3af39846eed4525ba5d040d294fa
    remote: https://github.com/ruby/gem_rbs_collection.git
    repo_dir: gems
- name: rake
  version: '13.0'
  source:
    type: git
    name: ruby/gem_rbs_collection
    revision: ec140aff951e3af39846eed4525ba5d040d294fa
    remote: https://github.com/ruby/gem_rbs_collection.git
    repo_dir: gems
- name: rbs
  version: 3.4.1
  source:
    type: rubygems
- name: rdoc
  version: '0'
  source:
    type: stdlib
- name: securerandom
  version: '0'
  source:
    type: stdlib
- name: singleton
  version: '0'
  source:
    type: stdlib
- name: thor
  version: '1.2'
  source:
    type: git
    name: ruby/gem_rbs_collection
    revision: ec140aff951e3af39846eed4525ba5d040d294fa
    remote: https://github.com/ruby/gem_rbs_collection.git
    repo_dir: gems
- name: time
  version: '0'
  source:
    type: stdlib
- name: timeout
  version: '0'
  source:
    type: stdlib
- name: tsort
  version: '0'
  source:
    type: stdlib
gemfile_lock_path: Gemfile.lock
